
Microsoft Visual Studio Solution File, Format Version 12.00
Project("{FAE04EC0-301F-11D3-BF4B-00C04F79EFBC}") = "NetNuxt", "NetNuxt\NetNuxt.csproj", "{CCBC737B-2B1F-4E35-AD3C-FC022D19D5A9}"
EndProject
Global
	GlobalSection(SolutionConfigurationPlatforms) = preSolution
		Debug|Any CPU = Debug|Any CPU
		Release|Any CPU = Release|Any CPU
	EndGlobalSection
	GlobalSection(ProjectConfigurationPlatforms) = postSolution
		{CCBC737B-2B1F-4E35-AD3C-FC022D19D5A9}.Debug|Any CPU.ActiveCfg = Debug|Any CPU
		{CCBC737B-2B1F-4E35-AD3C-FC022D19D5A9}.Debug|Any CPU.Build.0 = Debug|Any CPU
		{CCBC737B-2B1F-4E35-AD3C-FC022D19D5A9}.Release|Any CPU.ActiveCfg = Release|Any CPU
		{CCBC737B-2B1F-4E35-AD3C-FC022D19D5A9}.Release|Any CPU.Build.0 = Release|Any CPU
	EndGlobalSection
EndGlobal
